
Microsoft Visual Studio Solution File, Format Version 12.00
# Visual Studio Version 16
VisualStudioVersion = 16.0.32228.343
MinimumVisualStudioVersion = 10.0.40219.1
Project("{888888A0-9F3D-457C-B088-3A5042F75D52}") = "gamep", "gamep\gamep.pyproj", "{D1D9EA38-BB82-47A9-BD4A-B5B3DBF936BA}"
EndProject
Global
	GlobalSection(SolutionConfigurationPlatforms) = preSolution
		Debug|Any CPU = Debug|Any CPU
		Release|Any CPU = Release|Any CPU
	EndGlobalSection
	GlobalSection(ProjectConfigurationPlatforms) = postSolution
		{D1D9EA38-BB82-47A9-BD4A-B5B3DBF936BA}.Debug|Any CPU.ActiveCfg = Debug|Any CPU
		{D1D9EA38-BB82-47A9-BD4A-B5B3DBF936BA}.Release|Any CPU.ActiveCfg = Release|Any CPU
	EndGlobalSection
	GlobalSection(SolutionProperties) = preSolution
		HideSolutionNode = FALSE
	EndGlobalSection
	GlobalSection(ExtensibilityGlobals) = postSolution
		SolutionGuid = {FE8BAB5E-829E-48BF-B12F-B4898A680B5E}
	EndGlobalSection
EndGlobal
